
Microsoft Visual Studio Solution File, Format Version 12.00
# Visual Studio Version 17
VisualStudioVersion = 17.9.34723.18
MinimumVisualStudioVersion = 10.0.40219.1
Project("{FAE04EC0-301F-11D3-BF4B-00C04F79EFBC}") = "RevitAddins", "RevitAddins\RevitAddins.csproj", "{FA03C48C-69B5-40E0-941A-67630407C4DD}"
EndProject
Global
	GlobalSection(SolutionConfigurationPlatforms) = preSolution
		Debug|Any CPU = Debug|Any CPU
		Release|Any CPU = Release|Any CPU
	EndGlobalSection
	GlobalSection(ProjectConfigurationPlatforms) = postSolution
		{FA03C48C-69B5-40E0-941A-67630407C4DD}.Debug|Any CPU.ActiveCfg = Debug|Any CPU
		{FA03C48C-69B5-40E0-941A-67630407C4DD}.Debug|Any CPU.Build.0 = Debug|Any CPU
		{FA03C48C-69B5-40E0-941A-67630407C4DD}.Release|Any CPU.ActiveCfg = Release|Any CPU
		{FA03C48C-69B5-40E0-941A-67630407C4DD}.Release|Any CPU.Build.0 = Release|Any CPU
	EndGlobalSection
	GlobalSection(SolutionProperties) = preSolution
		HideSolutionNode = FALSE
	EndGlobalSection
	GlobalSection(ExtensibilityGlobals) = postSolution
		SolutionGuid = {6BAC16FA-7438-4D04-8968-516097C6FAC4}
	EndGlobalSection
EndGlobal
